
Microsoft Visual Studio Solution File, Format Version 12.00
# Visual Studio Express 2012 for Windows Desktop
Project("{FAE04EC0-301F-11D3-BF4B-00C04F79EFBC}") = "IvanovoServer", "IvanovoServer\IvanovoServer.csproj", "{6DF53CDF-82B8-49DF-B240-AEC60E361C7F}"
EndProject
Project("{FAE04EC0-301F-11D3-BF4B-00C04F79EFBC}") = "IvanovoClient", "IvanovoClient\IvanovoClient.csproj", "{D2937910-2319-4F89-AD6B-DF454FFF6CFE}"
EndProject
Global
	GlobalSection(SolutionConfigurationPlatforms) = preSolution
		Debug|Any CPU = Debug|Any CPU
		Release|Any CPU = Release|Any CPU
	EndGlobalSection
	GlobalSection(ProjectConfigurationPlatforms) = postSolution
		{6DF53CDF-82B8-49DF-B240-AEC60E361C7F}.Debug|Any CPU.ActiveCfg = Debug|Any CPU
		{6DF53CDF-82B8-49DF-B240-AEC60E361C7F}.Debug|Any CPU.Build.0 = Debug|Any CPU
		{6DF53CDF-82B8-49DF-B240-AEC60E361C7F}.Release|Any CPU.ActiveCfg = Release|Any CPU
		{6DF53CDF-82B8-49DF-B240-AEC60E361C7F}.Release|Any CPU.Build.0 = Release|Any CPU
		{D2937910-2319-4F89-AD6B-DF454FFF6CFE}.Debug|Any CPU.ActiveCfg = Debug|Any CPU
		{D2937910-2319-4F89-AD6B-DF454FFF6CFE}.Debug|Any CPU.Build.0 = Debug|Any CPU
		{D2937910-2319-4F89-AD6B-DF454FFF6CFE}.Release|Any CPU.ActiveCfg = Release|Any CPU
		{D2937910-2319-4F89-AD6B-DF454FFF6CFE}.Release|Any CPU.Build.0 = Release|Any CPU
	EndGlobalSection
	GlobalSection(SolutionProperties) = preSolution
		HideSolutionNode = FALSE
	EndGlobalSection
EndGlobal
